
Microsoft Visual Studio Solution File, Format Version 12.00
# Visual Studio 2012
Project("{FAE04EC0-301F-11D3-BF4B-00C04F79EFBC}") = "SmartHotel", "SmartHotel\SmartHotel.csproj", "{0C2998D3-B0F7-4539-BCA1-E4B4896AD9E6}"
EndProject
Project("{FAE04EC0-301F-11D3-BF4B-00C04F79EFBC}") = "SmartHotel.iOS", "iOS\SmartHotel.iOS.csproj", "{F681B749-6EF7-4023-9D78-64EDC8093B51}"
EndProject
Project("{FAE04EC0-301F-11D3-BF4B-00C04F79EFBC}") = "SmartHotel.Droid", "Droid\SmartHotel.Droid.csproj", "{547C52EB-141C-434D-B231-30683CADA233}"
EndProject
Global
	GlobalSection(SolutionConfigurationPlatforms) = preSolution
		Debug|Any CPU = Debug|Any CPU
		Release|Any CPU = Release|Any CPU
		Debug|iPhoneSimulator = Debug|iPhoneSimulator
		Release|iPhone = Release|iPhone
		Release|iPhoneSimulator = Release|iPhoneSimulator
		Debug|iPhone = Debug|iPhone
	EndGlobalSection
	GlobalSection(ProjectConfigurationPlatforms) = postSolution
		{0C2998D3-B0F7-4539-BCA1-E4B4896AD9E6}.Debug|Any CPU.ActiveCfg = Debug|Any CPU
		{0C2998D3-B0F7-4539-BCA1-E4B4896AD9E6}.Debug|Any CPU.Build.0 = Debug|Any CPU
		{0C2998D3-B0F7-4539-BCA1-E4B4896AD9E6}.Release|Any CPU.ActiveCfg = Release|Any CPU
		{0C2998D3-B0F7-4539-BCA1-E4B4896AD9E6}.Release|Any CPU.Build.0 = Release|Any CPU
		{0C2998D3-B0F7-4539-BCA1-E4B4896AD9E6}.Debug|iPhoneSimulator.ActiveCfg = Debug|Any CPU
		{0C2998D3-B0F7-4539-BCA1-E4B4896AD9E6}.Debug|iPhoneSimulator.Build.0 = Debug|Any CPU
		{0C2998D3-B0F7-4539-BCA1-E4B4896AD9E6}.Release|iPhone.ActiveCfg = Release|Any CPU
		{0C2998D3-B0F7-4539-BCA1-E4B4896AD9E6}.Release|iPhone.Build.0 = Release|Any CPU
		{0C2998D3-B0F7-4539-BCA1-E4B4896AD9E6}.Release|iPhoneSimulator.ActiveCfg = Release|Any CPU
		{0C2998D3-B0F7-4539-BCA1-E4B4896AD9E6}.Release|iPhoneSimulator.Build.0 = Release|Any CPU
		{0C2998D3-B0F7-4539-BCA1-E4B4896AD9E6}.Debug|iPhone.ActiveCfg = Debug|Any CPU
		{0C2998D3-B0F7-4539-BCA1-E4B4896AD9E6}.Debug|iPhone.Build.0 = Debug|Any CPU
		{F681B749-6EF7-4023-9D78-64EDC8093B51}.Debug|Any CPU.ActiveCfg = Debug|iPhoneSimulator
		{F681B749-6EF7-4023-9D78-64EDC8093B51}.Debug|Any CPU.Build.0 = Debug|iPhoneSimulator
		{F681B749-6EF7-4023-9D78-64EDC8093B51}.Release|Any CPU.ActiveCfg = Release|iPhone
		{F681B749-6EF7-4023-9D78-64EDC8093B51}.Release|Any CPU.Build.0 = Release|iPhone
		{F681B749-6EF7-4023-9D78-64EDC8093B51}.Debug|iPhoneSimulator.ActiveCfg = Debug|iPhoneSimulator
		{F681B749-6EF7-4023-9D78-64EDC8093B51}.Debug|iPhoneSimulator.Build.0 = Debug|iPhoneSimulator
		{F681B749-6EF7-4023-9D78-64EDC8093B51}.Release|iPhone.ActiveCfg = Release|iPhone
		{F681B749-6EF7-4023-9D78-64EDC8093B51}.Release|iPhone.Build.0 = Release|iPhone
		{F681B749-6EF7-4023-9D78-64EDC8093B51}.Release|iPhoneSimulator.ActiveCfg = Release|iPhoneSimulator
		{F681B749-6EF7-4023-9D78-64EDC8093B51}.Release|iPhoneSimulator.Build.0 = Release|iPhoneSimulator
		{F681B749-6EF7-4023-9D78-64EDC8093B51}.Debug|iPhone.ActiveCfg = Debug|iPhone
		{F681B749-6EF7-4023-9D78-64EDC8093B51}.Debug|iPhone.Build.0 = Debug|iPhone
		{547C52EB-141C-434D-B231-30683CADA233}.Debug|Any CPU.ActiveCfg = Debug|Any CPU
		{547C52EB-141C-434D-B231-30683CADA233}.Debug|Any CPU.Build.0 = Debug|Any CPU
		{547C52EB-141C-434D-B231-30683CADA233}.Release|Any CPU.ActiveCfg = Release|Any CPU
		{547C52EB-141C-434D-B231-30683CADA233}.Release|Any CPU.Build.0 = Release|Any CPU
		{547C52EB-141C-434D-B231-30683CADA233}.Debug|iPhoneSimulator.ActiveCfg = Debug|Any CPU
		{547C52EB-141C-434D-B231-30683CADA233}.Debug|iPhoneSimulator.Build.0 = Debug|Any CPU
		{547C52EB-141C-434D-B231-30683CADA233}.Release|iPhone.ActiveCfg = Release|Any CPU
		{547C52EB-141C-434D-B231-30683CADA233}.Release|iPhone.Build.0 = Release|Any CPU
		{547C52EB-141C-434D-B231-30683CADA233}.Release|iPhoneSimulator.ActiveCfg = Release|Any CPU
		{547C52EB-141C-434D-B231-30683CADA233}.Release|iPhoneSimulator.Build.0 = Release|Any CPU
		{547C52EB-141C-434D-B231-30683CADA233}.Debug|iPhone.ActiveCfg = Debug|Any CPU
		{547C52EB-141C-434D-B231-30683CADA233}.Debug|iPhone.Build.0 = Debug|Any CPU
	EndGlobalSection
EndGlobal
